
Microsoft Visual Studio Solution File, Format Version 12.00
# Visual Studio Version 17
VisualStudioVersion = 17.0.32112.339
MinimumVisualStudioVersion = 10.0.40219.1
Project("{9A19103F-16F7-4668-BE54-9A1E7A4F7556}") = "AuthServer.API", "AuthServer.API\AuthServer.API.csproj", "{F6B19969-4284-457C-BDAE-CED03CEF9412}"
EndProject
Project("{9A19103F-16F7-4668-BE54-9A1E7A4F7556}") = "AuthServer.Core", "AuthServer.Core\AuthServer.Core.csproj", "{C5489130-13FD-46E4-9AF7-3B985B30F5FE}"
EndProject
Project("{9A19103F-16F7-4668-BE54-9A1E7A4F7556}") = "AuthServer.Data", "AuthServer.Data\AuthServer.Data.csproj", "{2CEC14A2-E974-4393-8D14-5BA0A234FFBC}"
EndProject
Project("{9A19103F-16F7-4668-BE54-9A1E7A4F7556}") = "AuthServer.Service", "AuthServer.Service\AuthServer.Service.csproj", "{51828C7B-C7AE-42C1-9ED6-215BDF10DD74}"
EndProject
Project("{FAE04EC0-301F-11D3-BF4B-00C04F79EFBC}") = "MiniApp1.API", "MiniApp1.API\MiniApp1.API.csproj", "{07815845-EB1C-435F-A88F-F7E4BAF6E202}"
EndProject
Project("{FAE04EC0-301F-11D3-BF4B-00C04F79EFBC}") = "MiniApp2.API", "MiniApp2.API\MiniApp2.API.csproj", "{50041988-955D-437B-94DF-DEA93C47D01D}"
EndProject
Project("{FAE04EC0-301F-11D3-BF4B-00C04F79EFBC}") = "MiniApp3.API", "MiniApp3.API\MiniApp3.API.csproj", "{0280055C-A253-4DEC-BB04-BC0C5149435A}"
EndProject
Project("{FAE04EC0-301F-11D3-BF4B-00C04F79EFBC}") = "SharedLibrary", "SharedLibrary\SharedLibrary.csproj", "{41E8C3E2-231B-452D-B4DB-D3E9924BB0BA}"
EndProject
Global
	GlobalSection(SolutionConfigurationPlatforms) = preSolution
		Debug|Any CPU = Debug|Any CPU
		Release|Any CPU = Release|Any CPU
	EndGlobalSection
	GlobalSection(ProjectConfigurationPlatforms) = postSolution
		{F6B19969-4284-457C-BDAE-CED03CEF9412}.Debug|Any CPU.ActiveCfg = Debug|Any CPU
		{F6B19969-4284-457C-BDAE-CED03CEF9412}.Debug|Any CPU.Build.0 = Debug|Any CPU
		{F6B19969-4284-457C-BDAE-CED03CEF9412}.Release|Any CPU.ActiveCfg = Release|Any CPU
		{F6B19969-4284-457C-BDAE-CED03CEF9412}.Release|Any CPU.Build.0 = Release|Any CPU
		{C5489130-13FD-46E4-9AF7-3B985B30F5FE}.Debug|Any CPU.ActiveCfg = Debug|Any CPU
		{C5489130-13FD-46E4-9AF7-3B985B30F5FE}.Debug|Any CPU.Build.0 = Debug|Any CPU
		{C5489130-13FD-46E4-9AF7-3B985B30F5FE}.Release|Any CPU.ActiveCfg = Release|Any CPU
		{C5489130-13FD-46E4-9AF7-3B985B30F5FE}.Release|Any CPU.Build.0 = Release|Any CPU
		{2CEC14A2-E974-4393-8D14-5BA0A234FFBC}.Debug|Any CPU.ActiveCfg = Debug|Any CPU
		{2CEC14A2-E974-4393-8D14-5BA0A234FFBC}.Debug|Any CPU.Build.0 = Debug|Any CPU
		{2CEC14A2-E974-4393-8D14-5BA0A234FFBC}.Release|Any CPU.ActiveCfg = Release|Any CPU
		{2CEC14A2-E974-4393-8D14-5BA0A234FFBC}.Release|Any CPU.Build.0 = Release|Any CPU
		{51828C7B-C7AE-42C1-9ED6-215BDF10DD74}.Debug|Any CPU.ActiveCfg = Debug|Any CPU
		{51828C7B-C7AE-42C1-9ED6-215BDF10DD74}.Debug|Any CPU.Build.0 = Debug|Any CPU
		{51828C7B-C7AE-42C1-9ED6-215BDF10DD74}.Release|Any CPU.ActiveCfg = Release|Any CPU
		{51828C7B-C7AE-42C1-9ED6-215BDF10DD74}.Release|Any CPU.Build.0 = Release|Any CPU
		{07815845-EB1C-435F-A88F-F7E4BAF6E202}.Debug|Any CPU.ActiveCfg = Debug|Any CPU
		{07815845-EB1C-435F-A88F-F7E4BAF6E202}.Debug|Any CPU.Build.0 = Debug|Any CPU
		{07815845-EB1C-435F-A88F-F7E4BAF6E202}.Release|Any CPU.ActiveCfg = Release|Any CPU
		{07815845-EB1C-435F-A88F-F7E4BAF6E202}.Release|Any CPU.Build.0 = Release|Any CPU
		{50041988-955D-437B-94DF-DEA93C47D01D}.Debug|Any CPU.ActiveCfg = Debug|Any CPU
		{50041988-955D-437B-94DF-DEA93C47D01D}.Debug|Any CPU.Build.0 = Debug|Any CPU
		{50041988-955D-437B-94DF-DEA93C47D01D}.Release|Any CPU.ActiveCfg = Release|Any CPU
		{50041988-955D-437B-94DF-DEA93C47D01D}.Release|Any CPU.Build.0 = Release|Any CPU
		{0280055C-A253-4DEC-BB04-BC0C5149435A}.Debug|Any CPU.ActiveCfg = Debug|Any CPU
		{0280055C-A253-4DEC-BB04-BC0C5149435A}.Debug|Any CPU.Build.0 = Debug|Any CPU
		{0280055C-A253-4DEC-BB04-BC0C5149435A}.Release|Any CPU.ActiveCfg = Release|Any CPU
		{0280055C-A253-4DEC-BB04-BC0C5149435A}.Release|Any CPU.Build.0 = Release|Any CPU
		{41E8C3E2-231B-452D-B4DB-D3E9924BB0BA}.Debug|Any CPU.ActiveCfg = Debug|Any CPU
		{41E8C3E2-231B-452D-B4DB-D3E9924BB0BA}.Debug|Any CPU.Build.0 = Debug|Any CPU
		{41E8C3E2-231B-452D-B4DB-D3E9924BB0BA}.Release|Any CPU.ActiveCfg = Release|Any CPU
		{41E8C3E2-231B-452D-B4DB-D3E9924BB0BA}.Release|Any CPU.Build.0 = Release|Any CPU
	EndGlobalSection
	GlobalSection(SolutionProperties) = preSolution
		HideSolutionNode = FALSE
	EndGlobalSection
	GlobalSection(ExtensibilityGlobals) = postSolution
		SolutionGuid = {6BFF3E08-2A85-4DD1-BE61-9797E13B7C3A}
	EndGlobalSection
EndGlobal
